
Microsoft Visual Studio Solution File, Format Version 12.00
# Visual Studio Version 16
VisualStudioVersion = 16.0.31129.286
MinimumVisualStudioVersion = 10.0.40219.1
Project("{FAE04EC0-301F-11D3-BF4B-00C04F79EFBC}") = "IntegrationTesting", "IntegrationTesting\IntegrationTesting.csproj", "{B4A1559B-C488-42D1-8DD5-E4FDC5288687}"
EndProject
Project("{FAE04EC0-301F-11D3-BF4B-00C04F79EFBC}") = "IntegrationTestingTests", "IntegrationTestingTests\IntegrationTestingTests.csproj", "{ED152E88-54E9-408D-B76F-A65CEF2776F3}"
EndProject
Global
	GlobalSection(SolutionConfigurationPlatforms) = preSolution
		Debug|Any CPU = Debug|Any CPU
		Release|Any CPU = Release|Any CPU
	EndGlobalSection
	GlobalSection(ProjectConfigurationPlatforms) = postSolution
		{B4A1559B-C488-42D1-8DD5-E4FDC5288687}.Debug|Any CPU.ActiveCfg = Debug|Any CPU
		{B4A1559B-C488-42D1-8DD5-E4FDC5288687}.Debug|Any CPU.Build.0 = Debug|Any CPU
		{B4A1559B-C488-42D1-8DD5-E4FDC5288687}.Release|Any CPU.ActiveCfg = Release|Any CPU
		{B4A1559B-C488-42D1-8DD5-E4FDC5288687}.Release|Any CPU.Build.0 = Release|Any CPU
		{ED152E88-54E9-408D-B76F-A65CEF2776F3}.Debug|Any CPU.ActiveCfg = Debug|Any CPU
		{ED152E88-54E9-408D-B76F-A65CEF2776F3}.Debug|Any CPU.Build.0 = Debug|Any CPU
		{ED152E88-54E9-408D-B76F-A65CEF2776F3}.Release|Any CPU.ActiveCfg = Release|Any CPU
		{ED152E88-54E9-408D-B76F-A65CEF2776F3}.Release|Any CPU.Build.0 = Release|Any CPU
	EndGlobalSection
	GlobalSection(SolutionProperties) = preSolution
		HideSolutionNode = FALSE
	EndGlobalSection
	GlobalSection(ExtensibilityGlobals) = postSolution
		SolutionGuid = {1BE55BA3-B4D3-43DF-B9D6-FADB68B3A358}
	EndGlobalSection
EndGlobal
